
Microsoft Visual Studio Solution File, Format Version 12.00
# Visual Studio Version 17
VisualStudioVersion = 17.10.34916.146
MinimumVisualStudioVersion = 10.0.40219.1
Project("{9A19103F-16F7-4668-BE54-9A1E7A4F7556}") = "Lab_9_homework", "Lab_9_homework.csproj", "{D63B5705-DB7D-4C6B-AC48-A8E3F18496A4}"
EndProject
Project("{FAE04EC0-301F-11D3-BF4B-00C04F79EFBC}") = "MathLibrary", "..\MathLibrary\MathLibrary.csproj", "{A88A98DF-8847-4A60-A051-44AFB42DE4FE}"
EndProject
Global
	GlobalSection(SolutionConfigurationPlatforms) = preSolution
		Debug|Any CPU = Debug|Any CPU
		Release|Any CPU = Release|Any CPU
	EndGlobalSection
	GlobalSection(ProjectConfigurationPlatforms) = postSolution
		{D63B5705-DB7D-4C6B-AC48-A8E3F18496A4}.Debug|Any CPU.ActiveCfg = Debug|Any CPU
		{D63B5705-DB7D-4C6B-AC48-A8E3F18496A4}.Debug|Any CPU.Build.0 = Debug|Any CPU
		{D63B5705-DB7D-4C6B-AC48-A8E3F18496A4}.Release|Any CPU.ActiveCfg = Release|Any CPU
		{D63B5705-DB7D-4C6B-AC48-A8E3F18496A4}.Release|Any CPU.Build.0 = Release|Any CPU
		{A88A98DF-8847-4A60-A051-44AFB42DE4FE}.Debug|Any CPU.ActiveCfg = Debug|Any CPU
		{A88A98DF-8847-4A60-A051-44AFB42DE4FE}.Debug|Any CPU.Build.0 = Debug|Any CPU
		{A88A98DF-8847-4A60-A051-44AFB42DE4FE}.Release|Any CPU.ActiveCfg = Release|Any CPU
		{A88A98DF-8847-4A60-A051-44AFB42DE4FE}.Release|Any CPU.Build.0 = Release|Any CPU
	EndGlobalSection
	GlobalSection(SolutionProperties) = preSolution
		HideSolutionNode = FALSE
	EndGlobalSection
	GlobalSection(ExtensibilityGlobals) = postSolution
		SolutionGuid = {16C1F49A-6CF6-46F8-8504-8EDB6B9576D8}
	EndGlobalSection
EndGlobal
